
Microsoft Visual Studio Solution File, Format Version 12.00
# Visual Studio 15
VisualStudioVersion = 15.0.28307.705
MinimumVisualStudioVersion = 10.0.40219.1
Project("{FAE04EC0-301F-11D3-BF4B-00C04F79EFBC}") = "CodeCrypt", "CodeCrypt\CodeCrypt.csproj", "{8E3423D2-159F-4925-9AD8-6ACA1BF50DF8}"
EndProject
Global
	GlobalSection(SolutionConfigurationPlatforms) = preSolution
		Debug|Any CPU = Debug|Any CPU
		Release|Any CPU = Release|Any CPU
	EndGlobalSection
	GlobalSection(ProjectConfigurationPlatforms) = postSolution
		{8E3423D2-159F-4925-9AD8-6ACA1BF50DF8}.Debug|Any CPU.ActiveCfg = Debug|Any CPU
		{8E3423D2-159F-4925-9AD8-6ACA1BF50DF8}.Debug|Any CPU.Build.0 = Debug|Any CPU
		{8E3423D2-159F-4925-9AD8-6ACA1BF50DF8}.Release|Any CPU.ActiveCfg = Release|Any CPU
		{8E3423D2-159F-4925-9AD8-6ACA1BF50DF8}.Release|Any CPU.Build.0 = Release|Any CPU
	EndGlobalSection
	GlobalSection(SolutionProperties) = preSolution
		HideSolutionNode = FALSE
	EndGlobalSection
	GlobalSection(ExtensibilityGlobals) = postSolution
		SolutionGuid = {0BF05512-7087-46EA-8703-0E401A68E64B}
	EndGlobalSection
EndGlobal
